
Microsoft Visual Studio Solution File, Format Version 12.00
# Visual Studio Version 17
VisualStudioVersion = 17.14.36429.23 d17.14
MinimumVisualStudioVersion = 10.0.40219.1
Project("{FAE04EC0-301F-11D3-BF4B-00C04F79EFBC}") = "WeatherDashboard", "WeatherDashboard.csproj", "{E27E29D9-FAF6-485D-8D62-2FDA962B619C}"
EndProject
Global
	GlobalSection(SolutionConfigurationPlatforms) = preSolution
		Debug|Any CPU = Debug|Any CPU
		Release|Any CPU = Release|Any CPU
	EndGlobalSection
	GlobalSection(ProjectConfigurationPlatforms) = postSolution
		{E27E29D9-FAF6-485D-8D62-2FDA962B619C}.Debug|Any CPU.ActiveCfg = Debug|Any CPU
		{E27E29D9-FAF6-485D-8D62-2FDA962B619C}.Debug|Any CPU.Build.0 = Debug|Any CPU
		{E27E29D9-FAF6-485D-8D62-2FDA962B619C}.Release|Any CPU.ActiveCfg = Release|Any CPU
		{E27E29D9-FAF6-485D-8D62-2FDA962B619C}.Release|Any CPU.Build.0 = Release|Any CPU
	EndGlobalSection
	GlobalSection(SolutionProperties) = preSolution
		HideSolutionNode = FALSE
	EndGlobalSection
	GlobalSection(ExtensibilityGlobals) = postSolution
		SolutionGuid = {AE197389-5D97-41FF-92D1-7F50AA6434AA}
	EndGlobalSection
EndGlobal
